
Microsoft Visual Studio Solution File, Format Version 12.00
# Visual Studio Version 17
VisualStudioVersion = 17.1.32210.238
MinimumVisualStudioVersion = 10.0.40219.1
Project("{FAE04EC0-301F-11D3-BF4B-00C04F79EFBC}") = "ToDoList_task", "ToDoList_task\ToDoList_task.csproj", "{2484A330-DF36-4621-BE2C-CA982EE82309}"
	ProjectSection(ProjectDependencies) = postProject
		{B9429FAA-B08F-4838-AE48-35992B8AD560} = {B9429FAA-B08F-4838-AE48-35992B8AD560}
	EndProjectSection
EndProject
Project("{FAE04EC0-301F-11D3-BF4B-00C04F79EFBC}") = "Repositories", "Repositories\Repositories.csproj", "{B9429FAA-B08F-4838-AE48-35992B8AD560}"
EndProject
Global
	GlobalSection(SolutionConfigurationPlatforms) = preSolution
		Debug|Any CPU = Debug|Any CPU
		Release|Any CPU = Release|Any CPU
	EndGlobalSection
	GlobalSection(ProjectConfigurationPlatforms) = postSolution
		{2484A330-DF36-4621-BE2C-CA982EE82309}.Debug|Any CPU.ActiveCfg = Debug|Any CPU
		{2484A330-DF36-4621-BE2C-CA982EE82309}.Debug|Any CPU.Build.0 = Debug|Any CPU
		{2484A330-DF36-4621-BE2C-CA982EE82309}.Release|Any CPU.ActiveCfg = Release|Any CPU
		{2484A330-DF36-4621-BE2C-CA982EE82309}.Release|Any CPU.Build.0 = Release|Any CPU
		{B9429FAA-B08F-4838-AE48-35992B8AD560}.Debug|Any CPU.ActiveCfg = Debug|Any CPU
		{B9429FAA-B08F-4838-AE48-35992B8AD560}.Debug|Any CPU.Build.0 = Debug|Any CPU
		{B9429FAA-B08F-4838-AE48-35992B8AD560}.Release|Any CPU.ActiveCfg = Release|Any CPU
		{B9429FAA-B08F-4838-AE48-35992B8AD560}.Release|Any CPU.Build.0 = Release|Any CPU
	EndGlobalSection
	GlobalSection(SolutionProperties) = preSolution
		HideSolutionNode = FALSE
	EndGlobalSection
	GlobalSection(ExtensibilityGlobals) = postSolution
		SolutionGuid = {4B1ADE2D-56F3-4973-B603-9D91DA1583B7}
	EndGlobalSection
EndGlobal
